{
  "name": "sample_ap",
  "version": "0.1.0",
  "lockfileVersion": 1,
  "requires": true,
  "dependencies": {
    "i": {
      "version": "0.3.6",
      "resolved": "https://registry.npmjs.org/i/-/i-0.3.6.tgz",
      "integrity": "sha1-2WyScyB28HJxG2sQ/X1PZa2O4j0="
    },
    "or": {
      "version": "0.2.0",
      "resolved": "https://registry.npmjs.org/or/-/or-0.2.0.tgz",
      "integrity": "sha1-mQTqYeJZQ/k14g9PR0ngoUGoK2o="
    },
    "yarn": {
      "version": "1.22.4",
      "resolved": "https://registry.npmjs.org/yarn/-/yarn-1.22.4.tgz",
      "integrity": "sha512-oYM7hi/lIWm9bCoDMEWgffW8aiNZXCWeZ1/tGy0DWrN6vmzjCXIKu2Y21o8DYVBUtiktwKcNoxyGl/2iKLUNGA=="
    }
  }
}
